// !$*UTF8*$!
{
	archiveVersion = 1;
	classes = {
	};
	objectVersion = 51;
	objects = {

/* Begin PBXBuildFile section */
		1A4A1314B932050EB1582EA2 /* Pods_TeqniaApp.framework in Frameworks */ = {isa = PBXBuildFile; fileRef = 8BF484F946442AE69BE7A5D5 /* Pods_TeqniaApp.framework */; };
		3B34C00672C4E2C6516939A1 /* Pods_TeqniaAppTests.framework in Frameworks */ = {isa = PBXBuildFile; fileRef = C8AA40F605D58FEC90CCCF25 /* Pods_TeqniaAppTests.framework */; };
		3D51654823730B4A000CE7CA /* AppDelegate.swift in Sources */ = {isa = PBXBuildFile; fileRef = 3D51654723730B4A000CE7CA /* AppDelegate.swift */; };
		3D51654A23730B4A000CE7CA /* SceneDelegate.swift in Sources */ = {isa = PBXBuildFile; fileRef = 3D51654923730B4A000CE7CA /* SceneDelegate.swift */; };
		3D51654C23730B4A000CE7CA /* ViewController.swift in Sources */ = {isa = PBXBuildFile; fileRef = 3D51654B23730B4A000CE7CA /* ViewController.swift */; };
		3D51654F23730B4A000CE7CA /* Main.storyboard in Resources */ = {isa = PBXBuildFile; fileRef = 3D51654D23730B4A000CE7CA /* Main.storyboard */; };
		3D51655123730B4C000CE7CA /* Assets.xcassets in Resources */ = {isa = PBXBuildFile; fileRef = 3D51655023730B4C000CE7CA /* Assets.xcassets */; };
		3D51655423730B4C000CE7CA /* LaunchScreen.storyboard in Resources */ = {isa = PBXBuildFile; fileRef = 3D51655223730B4C000CE7CA /* LaunchScreen.storyboard */; };
		3D51655F23730B4C000CE7CA /* TeqniaAppTests.swift in Sources */ = {isa = PBXBuildFile; fileRef = 3D51655E23730B4C000CE7CA /* TeqniaAppTests.swift */; };
		3D51656A23730B4C000CE7CA /* TeqniaAppUITests.swift in Sources */ = {isa = PBXBuildFile; fileRef = 3D51656923730B4C000CE7CA /* TeqniaAppUITests.swift */; };
		3D64309123FB586100D5038F /* LoginViewController.swift in Sources */ = {isa = PBXBuildFile; fileRef = 3D64309023FB586100D5038F /* LoginViewController.swift */; };
		3D64309323FB5C4B00D5038F /* PackagesViewController.swift in Sources */ = {isa = PBXBuildFile; fileRef = 3D64309223FB5C4B00D5038F /* PackagesViewController.swift */; };
		3D64309523FB5E0200D5038F /* CustomerSignupViewController.swift in Sources */ = {isa = PBXBuildFile; fileRef = 3D64309423FB5E0200D5038F /* CustomerSignupViewController.swift */; };
		3D64309723FB658900D5038F /* PackageListingsViewController.swift in Sources */ = {isa = PBXBuildFile; fileRef = 3D64309623FB658900D5038F /* PackageListingsViewController.swift */; };
		3D64AF6223762FDA009A4BF8 /* CustomerLoginViewController.swift in Sources */ = {isa = PBXBuildFile; fileRef = 3D64AF6123762FDA009A4BF8 /* CustomerLoginViewController.swift */; };
		3D64AF6423763072009A4BF8 /* ForgotPasswordViewController.swift in Sources */ = {isa = PBXBuildFile; fileRef = 3D64AF6323763072009A4BF8 /* ForgotPasswordViewController.swift */; };
		3D64AF6623763544009A4BF8 /* WelcomeViewController.swift in Sources */ = {isa = PBXBuildFile; fileRef = 3D64AF6523763544009A4BF8 /* WelcomeViewController.swift */; };
		3D95B57324573D5900093443 /* Customer.swift in Sources */ = {isa = PBXBuildFile; fileRef = 3D95B57224573D5900093443 /* Customer.swift */; };
		3DEC9BFB2456DF0200D7E9B4 /* Service.swift in Sources */ = {isa = PBXBuildFile; fileRef = 3DEC9BFA2456DF0200D7E9B4 /* Service.swift */; };
		3DEC9BFD2456E2E100D7E9B4 /* Country.swift in Sources */ = {isa = PBXBuildFile; fileRef = 3DEC9BFC2456E2E100D7E9B4 /* Country.swift */; };
		8F33C9702875EC023E10EF4D /* Pods_TeqniaApp_TeqniaAppUITests.framework in Frameworks */ = {isa = PBXBuildFile; fileRef = 1EABCEECE5E6F897BB8F8FB3 /* Pods_TeqniaApp_TeqniaAppUITests.framework */; };
/* End PBXBuildFile section */

/* Begin PBXContainerItemProxy section */
		3D51655B23730B4C000CE7CA /* PBXContainerItemProxy */ = {
			isa = PBXContainerItemProxy;
			containerPortal = 3D51653C23730B4A000CE7CA /* Project object */;
			proxyType = 1;
			remoteGlobalIDString = 3D51654323730B4A000CE7CA;
			remoteInfo = TeqniaApp;
		};
		3D51656623730B4C000CE7CA /* PBXContainerItemProxy */ = {
			isa = PBXContainerItemProxy;
			containerPortal = 3D51653C23730B4A000CE7CA /* Project object */;
			proxyType = 1;
			remoteGlobalIDString = 3D51654323730B4A000CE7CA;
			remoteInfo = TeqniaApp;
		};
/* End PBXContainerItemProxy section */

/* Begin PBXFileReference section */
		1EABCEECE5E6F897BB8F8FB3 /* Pods_TeqniaApp_TeqniaAppUITests.framework */ = {isa = PBXFileReference; explicitFileType = wrapper.framework; includeInIndex = 0; path = Pods_TeqniaApp_TeqniaAppUITests.framework; sourceTree = BUILT_PRODUCTS_DIR; };
		1EF267FF3C1B694FA44B223E /* Pods-TeqniaApp-TeqniaAppUITests.debug.xcconfig */ = {isa = PBXFileReference; includeInIndex = 1; lastKnownFileType = text.xcconfig; name = "Pods-TeqniaApp-TeqniaAppUITests.debug.xcconfig"; path = "Target Support Files/Pods-TeqniaApp-TeqniaAppUITests/Pods-TeqniaApp-TeqniaAppUITests.debug.xcconfig"; sourceTree = "<group>"; };
		2B94028BA27F8F51B56F6C20 /* Pods-TeqniaAppTests.debug.xcconfig */ = {isa = PBXFileReference; includeInIndex = 1; lastKnownFileType = text.xcconfig; name = "Pods-TeqniaAppTests.debug.xcconfig"; path = "Target Support Files/Pods-TeqniaAppTests/Pods-TeqniaAppTests.debug.xcconfig"; sourceTree = "<group>"; };
		333AB1597224323009FB3057 /* Pods-TeqniaAppTests.release.xcconfig */ = {isa = PBXFileReference; includeInIndex = 1; lastKnownFileType = text.xcconfig; name = "Pods-TeqniaAppTests.release.xcconfig"; path = "Target Support Files/Pods-TeqniaAppTests/Pods-TeqniaAppTests.release.xcconfig"; sourceTree = "<group>"; };
		3D51654423730B4A000CE7CA /* TeqniaApp.app */ = {isa = PBXFileReference; explicitFileType = wrapper.application; includeInIndex = 0; path = TeqniaApp.app; sourceTree = BUILT_PRODUCTS_DIR; };
		3D51654723730B4A000CE7CA /* AppDelegate.swift */ = {isa = PBXFileReference; lastKnownFileType = sourcecode.swift; path = AppDelegate.swift; sourceTree = "<group>"; };
		3D51654923730B4A000CE7CA /* SceneDelegate.swift */ = {isa = PBXFileReference; lastKnownFileType = sourcecode.swift; path = SceneDelegate.swift; sourceTree = "<group>"; };
		3D51654B23730B4A000CE7CA /* ViewController.swift */ = {isa = PBXFileReference; lastKnownFileType = sourcecode.swift; path = ViewController.swift; sourceTree = "<group>"; };
		3D51654E23730B4A000CE7CA /* Base */ = {isa = PBXFileReference; lastKnownFileType = file.storyboard; name = Base; path = Base.lproj/Main.storyboard; sourceTree = "<group>"; };
		3D51655023730B4C000CE7CA /* Assets.xcassets */ = {isa = PBXFileReference; lastKnownFileType = folder.assetcatalog; path = Assets.xcassets; sourceTree = "<group>"; };
		3D51655323730B4C000CE7CA /* Base */ = {isa = PBXFileReference; lastKnownFileType = file.storyboard; name = Base; path = Base.lproj/LaunchScreen.storyboard; sourceTree = "<group>"; };
		3D51655523730B4C000CE7CA /* Info.plist */ = {isa = PBXFileReference; lastKnownFileType = text.plist.xml; path = Info.plist; sourceTree = "<group>"; };
		3D51655A23730B4C000CE7CA /* TeqniaAppTests.xctest */ = {isa = PBXFileReference; explicitFileType = wrapper.cfbundle; includeInIndex = 0; path = TeqniaAppTests.xctest; sourceTree = BUILT_PRODUCTS_DIR; };
		3D51655E23730B4C000CE7CA /* TeqniaAppTests.swift */ = {isa = PBXFileReference; lastKnownFileType = sourcecode.swift; path = TeqniaAppTests.swift; sourceTree = "<group>"; };
		3D51656023730B4C000CE7CA /* Info.plist */ = {isa = PBXFileReference; lastKnownFileType = text.plist.xml; path = Info.plist; sourceTree = "<group>"; };
		3D51656523730B4C000CE7CA /* TeqniaAppUITests.xctest */ = {isa = PBXFileReference; explicitFileType = wrapper.cfbundle; includeInIndex = 0; path = TeqniaAppUITests.xctest; sourceTree = BUILT_PRODUCTS_DIR; };
		3D51656923730B4C000CE7CA /* TeqniaAppUITests.swift */ = {isa = PBXFileReference; lastKnownFileType = sourcecode.swift; path = TeqniaAppUITests.swift; sourceTree = "<group>"; };
		3D51656B23730B4C000CE7CA /* Info.plist */ = {isa = PBXFileReference; lastKnownFileType = text.plist.xml; path = Info.plist; sourceTree = "<group>"; };
		3D64309023FB586100D5038F /* LoginViewController.swift */ = {isa = PBXFileReference; lastKnownFileType = sourcecode.swift; path = LoginViewController.swift; sourceTree = "<group>"; };
		3D64309223FB5C4B00D5038F /* PackagesViewController.swift */ = {isa = PBXFileReference; lastKnownFileType = sourcecode.swift; path = PackagesViewController.swift; sourceTree = "<group>"; };
		3D64309423FB5E0200D5038F /* CustomerSignupViewController.swift */ = {isa = PBXFileReference; lastKnownFileType = sourcecode.swift; path = CustomerSignupViewController.swift; sourceTree = "<group>"; };
		3D64309623FB658900D5038F /* PackageListingsViewController.swift */ = {isa = PBXFileReference; lastKnownFileType = sourcecode.swift; path = PackageListingsViewController.swift; sourceTree = "<group>"; };
		3D64AF6123762FDA009A4BF8 /* CustomerLoginViewController.swift */ = {isa = PBXFileReference; lastKnownFileType = sourcecode.swift; path = CustomerLoginViewController.swift; sourceTree = "<group>"; };
		3D64AF6323763072009A4BF8 /* ForgotPasswordViewController.swift */ = {isa = PBXFileReference; lastKnownFileType = sourcecode.swift; path = ForgotPasswordViewController.swift; sourceTree = "<group>"; };
		3D64AF6523763544009A4BF8 /* WelcomeViewController.swift */ = {isa = PBXFileReference; lastKnownFileType = sourcecode.swift; path = WelcomeViewController.swift; sourceTree = "<group>"; };
		3D95B57224573D5900093443 /* Customer.swift */ = {isa = PBXFileReference; lastKnownFileType = sourcecode.swift; path = Customer.swift; sourceTree = "<group>"; };
		3DEC9BFA2456DF0200D7E9B4 /* Service.swift */ = {isa = PBXFileReference; lastKnownFileType = sourcecode.swift; path = Service.swift; sourceTree = "<group>"; };
		3DEC9BFC2456E2E100D7E9B4 /* Country.swift */ = {isa = PBXFileReference; lastKnownFileType = sourcecode.swift; path = Country.swift; sourceTree = "<group>"; };
		41001A10CFF92083E1BED686 /* Pods-TeqniaApp.release.xcconfig */ = {isa = PBXFileReference; includeInIndex = 1; lastKnownFileType = text.xcconfig; name = "Pods-TeqniaApp.release.xcconfig"; path = "Target Support Files/Pods-TeqniaApp/Pods-TeqniaApp.release.xcconfig"; sourceTree = "<group>"; };
		8BF484F946442AE69BE7A5D5 /* Pods_TeqniaApp.framework */ = {isa = PBXFileReference; explicitFileType = wrapper.framework; includeInIndex = 0; path = Pods_TeqniaApp.framework; sourceTree = BUILT_PRODUCTS_DIR; };
		94E81DCB960FBC499DDE6FB5 /* Pods-TeqniaApp.debug.xcconfig */ = {isa = PBXFileReference; includeInIndex = 1; lastKnownFileType = text.xcconfig; name = "Pods-TeqniaApp.debug.xcconfig"; path = "Target Support Files/Pods-TeqniaApp/Pods-TeqniaApp.debug.xcconfig"; sourceTree = "<group>"; };
		C8AA40F605D58FEC90CCCF25 /* Pods_TeqniaAppTests.framework */ = {isa = PBXFileReference; explicitFileType = wrapper.framework; includeInIndex = 0; path = Pods_TeqniaAppTests.framework; sourceTree = BUILT_PRODUCTS_DIR; };
		E590C7C313BB16304CE0A2C1 /* Pods-TeqniaApp-TeqniaAppUITests.release.xcconfig */ = {isa = PBXFileReference; includeInIndex = 1; lastKnownFileType = text.xcconfig; name = "Pods-TeqniaApp-TeqniaAppUITests.release.xcconfig"; path = "Target Support Files/Pods-TeqniaApp-TeqniaAppUITests/Pods-TeqniaApp-TeqniaAppUITests.release.xcconfig"; sourceTree = "<group>"; };
/* End PBXFileReference section */

/* Begin PBXFrameworksBuildPhase section */
		3D51654123730B4A000CE7CA /* Frameworks */ = {
			isa = PBXFrameworksBuildPhase;
			buildActionMask = 2147483647;
			files = (
				1A4A1314B932050EB1582EA2 /* Pods_TeqniaApp.framework in Frameworks */,
			);
			runOnlyForDeploymentPostprocessing = 0;
		};
		3D51655723730B4C000CE7CA /* Frameworks */ = {
			isa = PBXFrameworksBuildPhase;
			buildActionMask = 2147483647;
			files = (
				3B34C00672C4E2C6516939A1 /* Pods_TeqniaAppTests.framework in Frameworks */,
			);
			runOnlyForDeploymentPostprocessing = 0;
		};
		3D51656223730B4C000CE7CA /* Frameworks */ = {
			isa = PBXFrameworksBuildPhase;
			buildActionMask = 2147483647;
			files = (
				8F33C9702875EC023E10EF4D /* Pods_TeqniaApp_TeqniaAppUITests.framework in Frameworks */,
			);
			runOnlyForDeploymentPostprocessing = 0;
		};
/* End PBXFrameworksBuildPhase section */

/* Begin PBXGroup section */
		3D51653B23730B4A000CE7CA = {
			isa = PBXGroup;
			children = (
				3D51654623730B4A000CE7CA /* TeqniaApp */,
				3D51655D23730B4C000CE7CA /* TeqniaAppTests */,
				3D51656823730B4C000CE7CA /* TeqniaAppUITests */,
				3D51654523730B4A000CE7CA /* Products */,
				AA05A54B4515979BD16AEC26 /* Pods */,
				AA1E13AC4DC6646431BDD076 /* Frameworks */,
			);
			sourceTree = "<group>";
		};
		3D51654523730B4A000CE7CA /* Products */ = {
			isa = PBXGroup;
			children = (
				3D51654423730B4A000CE7CA /* TeqniaApp.app */,
				3D51655A23730B4C000CE7CA /* TeqniaAppTests.xctest */,
				3D51656523730B4C000CE7CA /* TeqniaAppUITests.xctest */,
			);
			name = Products;
			sourceTree = "<group>";
		};
		3D51654623730B4A000CE7CA /* TeqniaApp */ = {
			isa = PBXGroup;
			children = (
				3D64308F23FB553400D5038F /* Data Model */,
				3D51654723730B4A000CE7CA /* AppDelegate.swift */,
				3D51654923730B4A000CE7CA /* SceneDelegate.swift */,
				3D64308E23FB54EC00D5038F /* Controllers */,
				3D51654D23730B4A000CE7CA /* Main.storyboard */,
				3D51655023730B4C000CE7CA /* Assets.xcassets */,
				3D51655223730B4C000CE7CA /* LaunchScreen.storyboard */,
				3D51655523730B4C000CE7CA /* Info.plist */,
				3DEC9BFA2456DF0200D7E9B4 /* Service.swift */,
			);
			path = TeqniaApp;
			sourceTree = "<group>";
		};
		3D51655D23730B4C000CE7CA /* TeqniaAppTests */ = {
			isa = PBXGroup;
			children = (
				3D51655E23730B4C000CE7CA /* TeqniaAppTests.swift */,
				3D51656023730B4C000CE7CA /* Info.plist */,
			);
			path = TeqniaAppTests;
			sourceTree = "<group>";
		};
		3D51656823730B4C000CE7CA /* TeqniaAppUITests */ = {
			isa = PBXGroup;
			children = (
				3D51656923730B4C000CE7CA /* TeqniaAppUITests.swift */,
				3D51656B23730B4C000CE7CA /* Info.plist */,
			);
			path = TeqniaAppUITests;
			sourceTree = "<group>";
		};
		3D64308E23FB54EC00D5038F /* Controllers */ = {
			isa = PBXGroup;
			children = (
				3D64309623FB658900D5038F /* PackageListingsViewController.swift */,
				3D64309023FB586100D5038F /* LoginViewController.swift */,
				3D64AF6523763544009A4BF8 /* WelcomeViewController.swift */,
				3D64AF6323763072009A4BF8 /* ForgotPasswordViewController.swift */,
				3D51654B23730B4A000CE7CA /* ViewController.swift */,
				3D64AF6123762FDA009A4BF8 /* CustomerLoginViewController.swift */,
				3D64309223FB5C4B00D5038F /* PackagesViewController.swift */,
				3D64309423FB5E0200D5038F /* CustomerSignupViewController.swift */,
			);
			path = Controllers;
			sourceTree = "<group>";
		};
		3D64308F23FB553400D5038F /* Data Model */ = {
			isa = PBXGroup;
			children = (
				3DEC9BFC2456E2E100D7E9B4 /* Country.swift */,
				3D95B57224573D5900093443 /* Customer.swift */,
			);
			name = "Data Model";
			sourceTree = "<group>";
		};
		AA05A54B4515979BD16AEC26 /* Pods */ = {
			isa = PBXGroup;
			children = (
				94E81DCB960FBC499DDE6FB5 /* Pods-TeqniaApp.debug.xcconfig */,
				41001A10CFF92083E1BED686 /* Pods-TeqniaApp.release.xcconfig */,
				1EF267FF3C1B694FA44B223E /* Pods-TeqniaApp-TeqniaAppUITests.debug.xcconfig */,
				E590C7C313BB16304CE0A2C1 /* Pods-TeqniaApp-TeqniaAppUITests.release.xcconfig */,
				2B94028BA27F8F51B56F6C20 /* Pods-TeqniaAppTests.debug.xcconfig */,
				333AB1597224323009FB3057 /* Pods-TeqniaAppTests.release.xcconfig */,
			);
			path = Pods;
			sourceTree = "<group>";
		};
		AA1E13AC4DC6646431BDD076 /* Frameworks */ = {
			isa = PBXGroup;
			children = (
				8BF484F946442AE69BE7A5D5 /* Pods_TeqniaApp.framework */,
				1EABCEECE5E6F897BB8F8FB3 /* Pods_TeqniaApp_TeqniaAppUITests.framework */,
				C8AA40F605D58FEC90CCCF25 /* Pods_TeqniaAppTests.framework */,
			);
			name = Frameworks;
			sourceTree = "<group>";
		};
/* End PBXGroup section */

/* Begin PBXNativeTarget section */
		3D51654323730B4A000CE7CA /* TeqniaApp */ = {
			isa = PBXNativeTarget;
			buildConfigurationList = 3D51656E23730B4C000CE7CA /* Build configuration list for PBXNativeTarget "TeqniaApp" */;
			buildPhases = (
				7222D63162BC22BAFD58F679 /* [CP] Check Pods Manifest.lock */,
				3D51654023730B4A000CE7CA /* Sources */,
				3D51654123730B4A000CE7CA /* Frameworks */,
				3D51654223730B4A000CE7CA /* Resources */,
				4363C2E828DDB8533356ADA7 /* [CP] Embed Pods Frameworks */,
			);
			buildRules = (
			);
			dependencies = (
			);
			name = TeqniaApp;
			productName = TeqniaApp;
			productReference = 3D51654423730B4A000CE7CA /* TeqniaApp.app */;
			productType = "com.apple.product-type.application";
		};
		3D51655923730B4C000CE7CA /* TeqniaAppTests */ = {
			isa = PBXNativeTarget;
			buildConfigurationList = 3D51657123730B4C000CE7CA /* Build configuration list for PBXNativeTarget "TeqniaAppTests" */;
			buildPhases = (
				2051179CFE995424C4E0DEEF /* [CP] Check Pods Manifest.lock */,
				3D51655623730B4C000CE7CA /* Sources */,
				3D51655723730B4C000CE7CA /* Frameworks */,
				3D51655823730B4C000CE7CA /* Resources */,
			);
			buildRules = (
			);
			dependencies = (
				3D51655C23730B4C000CE7CA /* PBXTargetDependency */,
			);
			name = TeqniaAppTests;
			productName = TeqniaAppTests;
			productReference = 3D51655A23730B4C000CE7CA /* TeqniaAppTests.xctest */;
			productType = "com.apple.product-type.bundle.unit-test";
		};
		3D51656423730B4C000CE7CA /* TeqniaAppUITests */ = {
			isa = PBXNativeTarget;
			buildConfigurationList = 3D51657423730B4C000CE7CA /* Build configuration list for PBXNativeTarget "TeqniaAppUITests" */;
			buildPhases = (
				ACFB79554800FA60DADF2AB5 /* [CP] Check Pods Manifest.lock */,
				3D51656123730B4C000CE7CA /* Sources */,
				3D51656223730B4C000CE7CA /* Frameworks */,
				3D51656323730B4C000CE7CA /* Resources */,
				DB553DA5EB5D46C973B49ACB /* [CP] Embed Pods Frameworks */,
			);
			buildRules = (
			);
			dependencies = (
				3D51656723730B4C000CE7CA /* PBXTargetDependency */,
			);
			name = TeqniaAppUITests;
			productName = TeqniaAppUITests;
			productReference = 3D51656523730B4C000CE7CA /* TeqniaAppUITests.xctest */;
			productType = "com.apple.product-type.bundle.ui-testing";
		};
/* End PBXNativeTarget section */

/* Begin PBXProject section */
		3D51653C23730B4A000CE7CA /* Project object */ = {
			isa = PBXProject;
			attributes = {
				LastSwiftUpdateCheck = 1100;
				LastUpgradeCheck = 1100;
				ORGANIZATIONNAME = "Nurudeen Ajayi";
				TargetAttributes = {
					3D51654323730B4A000CE7CA = {
						CreatedOnToolsVersion = 11.0;
					};
					3D51655923730B4C000CE7CA = {
						CreatedOnToolsVersion = 11.0;
						TestTargetID = 3D51654323730B4A000CE7CA;
					};
					3D51656423730B4C000CE7CA = {
						CreatedOnToolsVersion = 11.0;
						TestTargetID = 3D51654323730B4A000CE7CA;
					};
				};
			};
			buildConfigurationList = 3D51653F23730B4A000CE7CA /* Build configuration list for PBXProject "TeqniaApp" */;
			compatibilityVersion = "Xcode 9.3";
			developmentRegion = en;
			hasScannedForEncodings = 0;
			knownRegions = (
				en,
				Base,
			);
			mainGroup = 3D51653B23730B4A000CE7CA;
			productRefGroup = 3D51654523730B4A000CE7CA /* Products */;
			projectDirPath = "";
			projectRoot = "";
			targets = (
				3D51654323730B4A000CE7CA /* TeqniaApp */,
				3D51655923730B4C000CE7CA /* TeqniaAppTests */,
				3D51656423730B4C000CE7CA /* TeqniaAppUITests */,
			);
		};
/* End PBXProject section */

/* Begin PBXResourcesBuildPhase section */
		3D51654223730B4A000CE7CA /* Resources */ = {
			isa = PBXResourcesBuildPhase;
			buildActionMask = 2147483647;
			files = (
				3D51655423730B4C000CE7CA /* LaunchScreen.storyboard in Resources */,
				3D51655123730B4C000CE7CA /* Assets.xcassets in Resources */,
				3D51654F23730B4A000CE7CA /* Main.storyboard in Resources */,
			);
			runOnlyForDeploymentPostprocessing = 0;
		};
		3D51655823730B4C000CE7CA /* Resources */ = {
			isa = PBXResourcesBuildPhase;
			buildActionMask = 2147483647;
			files = (
			);
			runOnlyForDeploymentPostprocessing = 0;
		};
		3D51656323730B4C000CE7CA /* Resources */ = {
			isa = PBXResourcesBuildPhase;
			buildActionMask = 2147483647;
			files = (
			);
			runOnlyForDeploymentPostprocessing = 0;
		};
/* End PBXResourcesBuildPhase section */

/* Begin PBXShellScriptBuildPhase section */
		2051179CFE995424C4E0DEEF /* [CP] Check Pods Manifest.lock */ = {
			isa = PBXShellScriptBuildPhase;
			buildActionMask = 2147483647;
			files = (
			);
			inputFileListPaths = (
			);
			inputPaths = (
				"${PODS_PODFILE_DIR_PATH}/Podfile.lock",
				"${PODS_ROOT}/Manifest.lock",
			);
			name = "[CP] Check Pods Manifest.lock";
			outputFileListPaths = (
			);
			outputPaths = (
				"$(DERIVED_FILE_DIR)/Pods-TeqniaAppTests-checkManifestLockResult.txt",
			);
			runOnlyForDeploymentPostprocessing = 0;
			shellPath = /bin/sh;
			shellScript = "diff \"${PODS_PODFILE_DIR_PATH}/Podfile.lock\" \"${PODS_ROOT}/Manifest.lock\" > /dev/null\nif [ $? != 0 ] ; then\n    # print error to STDERR\n    echo \"error: The sandbox is not in sync with the Podfile.lock. Run 'pod install' or update your CocoaPods installation.\" >&2\n    exit 1\nfi\n# This output is used by Xcode 'outputs' to avoid re-running this script phase.\necho \"SUCCESS\" > \"${SCRIPT_OUTPUT_FILE_0}\"\n";
			showEnvVarsInLog = 0;
		};
		4363C2E828DDB8533356ADA7 /* [CP] Embed Pods Frameworks */ = {
			isa = PBXShellScriptBuildPhase;
			buildActionMask = 2147483647;
			files = (
			);
			inputFileListPaths = (
				"${PODS_ROOT}/Target Support Files/Pods-TeqniaApp/Pods-TeqniaApp-frameworks-${CONFIGURATION}-input-files.xcfilelist",
			);
			name = "[CP] Embed Pods Frameworks";
			outputFileListPaths = (
				"${PODS_ROOT}/Target Support Files/Pods-TeqniaApp/Pods-TeqniaApp-frameworks-${CONFIGURATION}-output-files.xcfilelist",
			);
			runOnlyForDeploymentPostprocessing = 0;
			shellPath = /bin/sh;
			shellScript = "\"${PODS_ROOT}/Target Support Files/Pods-TeqniaApp/Pods-TeqniaApp-frameworks.sh\"\n";
			showEnvVarsInLog = 0;
		};
		7222D63162BC22BAFD58F679 /* [CP] Check Pods Manifest.lock */ = {
			isa = PBXShellScriptBuildPhase;
			buildActionMask = 2147483647;
			files = (
			);
			inputFileListPaths = (
			);
			inputPaths = (
				"${PODS_PODFILE_DIR_PATH}/Podfile.lock",
				"${PODS_ROOT}/Manifest.lock",
			);
			name = "[CP] Check Pods Manifest.lock";
			outputFileListPaths = (
			);
			outputPaths = (
				"$(DERIVED_FILE_DIR)/Pods-TeqniaApp-checkManifestLockResult.txt",
			);
			runOnlyForDeploymentPostprocessing = 0;
			shellPath = /bin/sh;
			shellScript = "diff \"${PODS_PODFILE_DIR_PATH}/Podfile.lock\" \"${PODS_ROOT}/Manifest.lock\" > /dev/null\nif [ $? != 0 ] ; then\n    # print error to STDERR\n    echo \"error: The sandbox is not in sync with the Podfile.lock. Run 'pod install' or update your CocoaPods installation.\" >&2\n    exit 1\nfi\n# This output is used by Xcode 'outputs' to avoid re-running this script phase.\necho \"SUCCESS\" > \"${SCRIPT_OUTPUT_FILE_0}\"\n";
			showEnvVarsInLog = 0;
		};
		ACFB79554800FA60DADF2AB5 /* [CP] Check Pods Manifest.lock */ = {
			isa = PBXShellScriptBuildPhase;
			buildActionMask = 2147483647;
			files = (
			);
			inputFileListPaths = (
			);
			inputPaths = (
				"${PODS_PODFILE_DIR_PATH}/Podfile.lock",
				"${PODS_ROOT}/Manifest.lock",
			);
			name = "[CP] Check Pods Manifest.lock";
			outputFileListPaths = (
			);
			outputPaths = (
				"$(DERIVED_FILE_DIR)/Pods-TeqniaApp-TeqniaAppUITests-checkManifestLockResult.txt",
			);
			runOnlyForDeploymentPostprocessing = 0;
			shellPath = /bin/sh;
			shellScript = "diff \"${PODS_PODFILE_DIR_PATH}/Podfile.lock\" \"${PODS_ROOT}/Manifest.lock\" > /dev/null\nif [ $? != 0 ] ; then\n    # print error to STDERR\n    echo \"error: The sandbox is not in sync with the Podfile.lock. Run 'pod install' or update your CocoaPods installation.\" >&2\n    exit 1\nfi\n# This output is used by Xcode 'outputs' to avoid re-running this script phase.\necho \"SUCCESS\" > \"${SCRIPT_OUTPUT_FILE_0}\"\n";
			showEnvVarsInLog = 0;
		};
		DB553DA5EB5D46C973B49ACB /* [CP] Embed Pods Frameworks */ = {
			isa = PBXShellScriptBuildPhase;
			buildActionMask = 2147483647;
			files = (
			);
			inputFileListPaths = (
				"${PODS_ROOT}/Target Support Files/Pods-TeqniaApp-TeqniaAppUITests/Pods-TeqniaApp-TeqniaAppUITests-frameworks-${CONFIGURATION}-input-files.xcfilelist",
			);
			name = "[CP] Embed Pods Frameworks";
			outputFileListPaths = (
				"${PODS_ROOT}/Target Support Files/Pods-TeqniaApp-TeqniaAppUITests/Pods-TeqniaApp-TeqniaAppUITests-frameworks-${CONFIGURATION}-output-files.xcfilelist",
			);
			runOnlyForDeploymentPostprocessing = 0;
			shellPath = /bin/sh;
			shellScript = "\"${PODS_ROOT}/Target Support Files/Pods-TeqniaApp-TeqniaAppUITests/Pods-TeqniaApp-TeqniaAppUITests-frameworks.sh\"\n";
			showEnvVarsInLog = 0;
		};
/* End PBXShellScriptBuildPhase section */

/* Begin PBXSourcesBuildPhase section */
		3D51654023730B4A000CE7CA /* Sources */ = {
			isa = PBXSourcesBuildPhase;
			buildActionMask = 2147483647;
			files = (
				3D64309123FB586100D5038F /* LoginViewController.swift in Sources */,
				3D51654C23730B4A000CE7CA /* ViewController.swift in Sources */,
				3D64AF6423763072009A4BF8 /* ForgotPasswordViewController.swift in Sources */,
				3D51654823730B4A000CE7CA /* AppDelegate.swift in Sources */,
				3DEC9BFD2456E2E100D7E9B4 /* Country.swift in Sources */,
				3D64AF6623763544009A4BF8 /* WelcomeViewController.swift in Sources */,
				3D64309323FB5C4B00D5038F /* PackagesViewController.swift in Sources */,
				3D64309723FB658900D5038F /* PackageListingsViewController.swift in Sources */,
				3D64AF6223762FDA009A4BF8 /* CustomerLoginViewController.swift in Sources */,
				3D95B57324573D5900093443 /* Customer.swift in Sources */,
				3DEC9BFB2456DF0200D7E9B4 /* Service.swift in Sources */,
				3D64309523FB5E0200D5038F /* CustomerSignupViewController.swift in Sources */,
				3D51654A23730B4A000CE7CA /* SceneDelegate.swift in Sources */,
			);
			runOnlyForDeploymentPostprocessing = 0;
		};
		3D51655623730B4C000CE7CA /* Sources */ = {
			isa = PBXSourcesBuildPhase;
			buildActionMask = 2147483647;
			files = (
				3D51655F23730B4C000CE7CA /* TeqniaAppTests.swift in Sources */,
			);
			runOnlyForDeploymentPostprocessing = 0;
		};
		3D51656123730B4C000CE7CA /* Sources */ = {
			isa = PBXSourcesBuildPhase;
			buildActionMask = 2147483647;
			files = (
				3D51656A23730B4C000CE7CA /* TeqniaAppUITests.swift in Sources */,
			);
			runOnlyForDeploymentPostprocessing = 0;
		};
/* End PBXSourcesBuildPhase section */

/* Begin PBXTargetDependency section */
		3D51655C23730B4C000CE7CA /* PBXTargetDependency */ = {
			isa = PBXTargetDependency;
			target = 3D51654323730B4A000CE7CA /* TeqniaApp */;
			targetProxy = 3D51655B23730B4C000CE7CA /* PBXContainerItemProxy */;
		};
		3D51656723730B4C000CE7CA /* PBXTargetDependency */ = {
			isa = PBXTargetDependency;
			target = 3D51654323730B4A000CE7CA /* TeqniaApp */;
			targetProxy = 3D51656623730B4C000CE7CA /* PBXContainerItemProxy */;
		};
/* End PBXTargetDependency section */

/* Begin PBXVariantGroup section */
		3D51654D23730B4A000CE7CA /* Main.storyboard */ = {
			isa = PBXVariantGroup;
			children = (
				3D51654E23730B4A000CE7CA /* Base */,
			);
			name = Main.storyboard;
			sourceTree = "<group>";
		};
		3D51655223730B4C000CE7CA /* LaunchScreen.storyboard */ = {
			isa = PBXVariantGroup;
			children = (
				3D51655323730B4C000CE7CA /* Base */,
			);
			name = LaunchScreen.storyboard;
			sourceTree = "<group>";
		};
/* End PBXVariantGroup section */

/* Begin XCBuildConfiguration section */
		3D51656C23730B4C000CE7CA /* Debug */ = {
			isa = XCBuildConfiguration;
			buildSettings = {
				ALWAYS_SEARCH_USER_PATHS = NO;
				CLANG_ANALYZER_NONNULL = YES;
				CLANG_ANALYZER_NUMBER_OBJECT_CONVERSION = YES_AGGRESSIVE;
				CLANG_CXX_LANGUAGE_STANDARD = "gnu++14";
				CLANG_CXX_LIBRARY = "libc++";
				CLANG_ENABLE_MODULES = YES;
				CLANG_ENABLE_OBJC_ARC = YES;
				CLANG_ENABLE_OBJC_WEAK = YES;
				CLANG_WARN_BLOCK_CAPTURE_AUTORELEASING = YES;
				CLANG_WARN_BOOL_CONVERSION = YES;
				CLANG_WARN_COMMA = YES;
				CLANG_WARN_CONSTANT_CONVERSION = YES;
				CLANG_WARN_DEPRECATED_OBJC_IMPLEMENTATIONS = YES;
				CLANG_WARN_DIRECT_OBJC_ISA_USAGE = YES_ERROR;
				CLANG_WARN_DOCUMENTATION_COMMENTS = YES;
				CLANG_WARN_EMPTY_BODY = YES;
				CLANG_WARN_ENUM_CONVERSION = YES;
				CLANG_WARN_INFINITE_RECURSION = YES;
				CLANG_WARN_INT_CONVERSION = YES;
				CLANG_WARN_NON_LITERAL_NULL_CONVERSION = YES;
				CLANG_WARN_OBJC_IMPLICIT_RETAIN_SELF = YES;
				CLANG_WARN_OBJC_LITERAL_CONVERSION = YES;
				CLANG_WARN_OBJC_ROOT_CLASS = YES_ERROR;
				CLANG_WARN_RANGE_LOOP_ANALYSIS = YES;
				CLANG_WARN_STRICT_PROTOTYPES = YES;
				CLANG_WARN_SUSPICIOUS_MOVE = YES;
				CLANG_WARN_UNGUARDED_AVAILABILITY = YES_AGGRESSIVE;
				CLANG_WARN_UNREACHABLE_CODE = YES;
				CLANG_WARN__DUPLICATE_METHOD_MATCH = YES;
				COPY_PHASE_STRIP = NO;
				DEBUG_INFORMATION_FORMAT = dwarf;
				ENABLE_STRICT_OBJC_MSGSEND = YES;
				ENABLE_TESTABILITY = YES;
				GCC_C_LANGUAGE_STANDARD = gnu11;
				GCC_DYNAMIC_NO_PIC = NO;
				GCC_NO_COMMON_BLOCKS = YES;
				GCC_OPTIMIZATION_LEVEL = 0;
				GCC_PREPROCESSOR_DEFINITIONS = (
					"DEBUG=1",
					"$(inherited)",
				);
				GCC_WARN_64_TO_32_BIT_CONVERSION = YES;
				GCC_WARN_ABOUT_RETURN_TYPE = YES_ERROR;
				GCC_WARN_UNDECLARED_SELECTOR = YES;
				GCC_WARN_UNINITIALIZED_AUTOS = YES_AGGRESSIVE;
				GCC_WARN_UNUSED_FUNCTION = YES;
				GCC_WARN_UNUSED_VARIABLE = YES;
				IPHONEOS_DEPLOYMENT_TARGET = 13.0;
				MTL_ENABLE_DEBUG_INFO = INCLUDE_SOURCE;
				MTL_FAST_MATH = YES;
				ONLY_ACTIVE_ARCH = YES;
				SDKROOT = iphoneos;
				SWIFT_ACTIVE_COMPILATION_CONDITIONS = DEBUG;
				SWIFT_OPTIMIZATION_LEVEL = "-Onone";
			};
			name = Debug;
		};
		3D51656D23730B4C000CE7CA /* Release */ = {
			isa = XCBuildConfiguration;
			buildSettings = {
				ALWAYS_SEARCH_USER_PATHS = NO;
				CLANG_ANALYZER_NONNULL = YES;
				CLANG_ANALYZER_NUMBER_OBJECT_CONVERSION = YES_AGGRESSIVE;
				CLANG_CXX_LANGUAGE_STANDARD = "gnu++14";
				CLANG_CXX_LIBRARY = "libc++";
				CLANG_ENABLE_MODULES = YES;
				CLANG_ENABLE_OBJC_ARC = YES;
				CLANG_ENABLE_OBJC_WEAK = YES;
				CLANG_WARN_BLOCK_CAPTURE_AUTORELEASING = YES;
				CLANG_WARN_BOOL_CONVERSION = YES;
				CLANG_WARN_COMMA = YES;
				CLANG_WARN_CONSTANT_CONVERSION = YES;
				CLANG_WARN_DEPRECATED_OBJC_IMPLEMENTATIONS = YES;
				CLANG_WARN_DIRECT_OBJC_ISA_USAGE = YES_ERROR;
				CLANG_WARN_DOCUMENTATION_COMMENTS = YES;
				CLANG_WARN_EMPTY_BODY = YES;
				CLANG_WARN_ENUM_CONVERSION = YES;
				CLANG_WARN_INFINITE_RECURSION = YES;
				CLANG_WARN_INT_CONVERSION = YES;
				CLANG_WARN_NON_LITERAL_NULL_CONVERSION = YES;
				CLANG_WARN_OBJC_IMPLICIT_RETAIN_SELF = YES;
				CLANG_WARN_OBJC_LITERAL_CONVERSION = YES;
				CLANG_WARN_OBJC_ROOT_CLASS = YES_ERROR;
				CLANG_WARN_RANGE_LOOP_ANALYSIS = YES;
				CLANG_WARN_STRICT_PROTOTYPES = YES;
				CLANG_WARN_SUSPICIOUS_MOVE = YES;
				CLANG_WARN_UNGUARDED_AVAILABILITY = YES_AGGRESSIVE;
				CLANG_WARN_UNREACHABLE_CODE = YES;
				CLANG_WARN__DUPLICATE_METHOD_MATCH = YES;
				COPY_PHASE_STRIP = NO;
				DEBUG_INFORMATION_FORMAT = "dwarf-with-dsym";
				ENABLE_NS_ASSERTIONS = NO;
				ENABLE_STRICT_OBJC_MSGSEND = YES;
				GCC_C_LANGUAGE_STANDARD = gnu11;
				GCC_NO_COMMON_BLOCKS = YES;
				GCC_WARN_64_TO_32_BIT_CONVERSION = YES;
				GCC_WARN_ABOUT_RETURN_TYPE = YES_ERROR;
				GCC_WARN_UNDECLARED_SELECTOR = YES;
				GCC_WARN_UNINITIALIZED_AUTOS = YES_AGGRESSIVE;
				GCC_WARN_UNUSED_FUNCTION = YES;
				GCC_WARN_UNUSED_VARIABLE = YES;
				IPHONEOS_DEPLOYMENT_TARGET = 13.0;
				MTL_ENABLE_DEBUG_INFO = NO;
				MTL_FAST_MATH = YES;
				SDKROOT = iphoneos;
				SWIFT_COMPILATION_MODE = wholemodule;
				SWIFT_OPTIMIZATION_LEVEL = "-O";
				VALIDATE_PRODUCT = YES;
			};
			name = Release;
		};
		3D51656F23730B4C000CE7CA /* Debug */ = {
			isa = XCBuildConfiguration;
			baseConfigurationReference = 94E81DCB960FBC499DDE6FB5 /* Pods-TeqniaApp.debug.xcconfig */;
			buildSettings = {
				ASSETCATALOG_COMPILER_APPICON_NAME = AppIcon;
				CODE_SIGN_STYLE = Automatic;
				CURRENT_PROJECT_VERSION = 1;
				DEVELOPMENT_TEAM = QM7MTQ682T;
				INFOPLIST_FILE = TeqniaApp/Info.plist;
				LD_RUNPATH_SEARCH_PATHS = (
					"$(inherited)",
					"@executable_path/Frameworks",
				);
				PRODUCT_BUNDLE_IDENTIFIER = BuildiT.TeqniaApp;
				PRODUCT_NAME = "$(TARGET_NAME)";
				SWIFT_VERSION = 5.0;
				TARGETED_DEVICE_FAMILY = "1,2";
			};
			name = Debug;
		};
		3D51657023730B4C000CE7CA /* Release */ = {
			isa = XCBuildConfiguration;
			baseConfigurationReference = 41001A10CFF92083E1BED686 /* Pods-TeqniaApp.release.xcconfig */;
			buildSettings = {
				ASSETCATALOG_COMPILER_APPICON_NAME = AppIcon;
				CODE_SIGN_STYLE = Automatic;
				CURRENT_PROJECT_VERSION = 1;
				DEVELOPMENT_TEAM = QM7MTQ682T;
				INFOPLIST_FILE = TeqniaApp/Info.plist;
				LD_RUNPATH_SEARCH_PATHS = (
					"$(inherited)",
					"@executable_path/Frameworks",
				);
				PRODUCT_BUNDLE_IDENTIFIER = BuildiT.TeqniaApp;
				PRODUCT_NAME = "$(TARGET_NAME)";
				SWIFT_VERSION = 5.0;
				TARGETED_DEVICE_FAMILY = "1,2";
			};
			name = Release;
		};
		3D51657223730B4C000CE7CA /* Debug */ = {
			isa = XCBuildConfiguration;
			baseConfigurationReference = 2B94028BA27F8F51B56F6C20 /* Pods-TeqniaAppTests.debug.xcconfig */;
			buildSettings = {
				ALWAYS_EMBED_SWIFT_STANDARD_LIBRARIES = YES;
				BUNDLE_LOADER = "$(TEST_HOST)";
				CODE_SIGN_STYLE = Automatic;
				INFOPLIST_FILE = TeqniaAppTests/Info.plist;
				IPHONEOS_DEPLOYMENT_TARGET = 13.0;
				LD_RUNPATH_SEARCH_PATHS = (
					"$(inherited)",
					"@executable_path/Frameworks",
					"@loader_path/Frameworks",
				);
				PRODUCT_BUNDLE_IDENTIFIER = BuildiT.TeqniaAppTests;
				PRODUCT_NAME = "$(TARGET_NAME)";
				SWIFT_VERSION = 5.0;
				TARGETED_DEVICE_FAMILY = "1,2";
				TEST_HOST = "$(BUILT_PRODUCTS_DIR)/TeqniaApp.app/TeqniaApp";
			};
			name = Debug;
		};
		3D51657323730B4C000CE7CA /* Release */ = {
			isa = XCBuildConfiguration;
			baseConfigurationReference = 333AB1597224323009FB3057 /* Pods-TeqniaAppTests.release.xcconfig */;
			buildSettings = {
				ALWAYS_EMBED_SWIFT_STANDARD_LIBRARIES = YES;
				BUNDLE_LOADER = "$(TEST_HOST)";
				CODE_SIGN_STYLE = Automatic;
				INFOPLIST_FILE = TeqniaAppTests/Info.plist;
				IPHONEOS_DEPLOYMENT_TARGET = 13.0;
				LD_RUNPATH_SEARCH_PATHS = (
					"$(inherited)",
					"@executable_path/Frameworks",
					"@loader_path/Frameworks",
				);
				PRODUCT_BUNDLE_IDENTIFIER = BuildiT.TeqniaAppTests;
				PRODUCT_NAME = "$(TARGET_NAME)";
				SWIFT_VERSION = 5.0;
				TARGETED_DEVICE_FAMILY = "1,2";
				TEST_HOST = "$(BUILT_PRODUCTS_DIR)/TeqniaApp.app/TeqniaApp";
			};
			name = Release;
		};
		3D51657523730B4C000CE7CA /* Debug */ = {
			isa = XCBuildConfiguration;
			baseConfigurationReference = 1EF267FF3C1B694FA44B223E /* Pods-TeqniaApp-TeqniaAppUITests.debug.xcconfig */;
			buildSettings = {
				ALWAYS_EMBED_SWIFT_STANDARD_LIBRARIES = YES;
				CODE_SIGN_STYLE = Automatic;
				INFOPLIST_FILE = TeqniaAppUITests/Info.plist;
				LD_RUNPATH_SEARCH_PATHS = (
					"$(inherited)",
					"@executable_path/Frameworks",
					"@loader_path/Frameworks",
				);
				PRODUCT_BUNDLE_IDENTIFIER = BuildiT.TeqniaAppUITests;
				PRODUCT_NAME = "$(TARGET_NAME)";
				SWIFT_VERSION = 5.0;
				TARGETED_DEVICE_FAMILY = "1,2";
				TEST_TARGET_NAME = TeqniaApp;
			};
			name = Debug;
		};
		3D51657623730B4C000CE7CA /* Release */ = {
			isa = XCBuildConfiguration;
			baseConfigurationReference = E590C7C313BB16304CE0A2C1 /* Pods-TeqniaApp-TeqniaAppUITests.release.xcconfig */;
			buildSettings = {
				ALWAYS_EMBED_SWIFT_STANDARD_LIBRARIES = YES;
				CODE_SIGN_STYLE = Automatic;
				INFOPLIST_FILE = TeqniaAppUITests/Info.plist;
				LD_RUNPATH_SEARCH_PATHS = (
					"$(inherited)",
					"@executable_path/Frameworks",
					"@loader_path/Frameworks",
				);
				PRODUCT_BUNDLE_IDENTIFIER = BuildiT.TeqniaAppUITests;
				PRODUCT_NAME = "$(TARGET_NAME)";
				SWIFT_VERSION = 5.0;
				TARGETED_DEVICE_FAMILY = "1,2";
				TEST_TARGET_NAME = TeqniaApp;
			};
			name = Release;
		};
/* End XCBuildConfiguration section */

/* Begin XCConfigurationList section */
		3D51653F23730B4A000CE7CA /* Build configuration list for PBXProject "TeqniaApp" */ = {
			isa = XCConfigurationList;
			buildConfigurations = (
				3D51656C23730B4C000CE7CA /* Debug */,
				3D51656D23730B4C000CE7CA /* Release */,
			);
			defaultConfigurationIsVisible = 0;
			defaultConfigurationName = Release;
		};
		3D51656E23730B4C000CE7CA /* Build configuration list for PBXNativeTarget "TeqniaApp" */ = {
			isa = XCConfigurationList;
			buildConfigurations = (
				3D51656F23730B4C000CE7CA /* Debug */,
				3D51657023730B4C000CE7CA /* Release */,
			);
			defaultConfigurationIsVisible = 0;
			defaultConfigurationName = Release;
		};
		3D51657123730B4C000CE7CA /* Build configuration list for PBXNativeTarget "TeqniaAppTests" */ = {
			isa = XCConfigurationList;
			buildConfigurations = (
				3D51657223730B4C000CE7CA /* Debug */,
				3D51657323730B4C000CE7CA /* Release */,
			);
			defaultConfigurationIsVisible = 0;
			defaultConfigurationName = Release;
		};
		3D51657423730B4C000CE7CA /* Build configuration list for PBXNativeTarget "TeqniaAppUITests" */ = {
			isa = XCConfigurationList;
			buildConfigurations = (
				3D51657523730B4C000CE7CA /* Debug */,
				3D51657623730B4C000CE7CA /* Release */,
			);
			defaultConfigurationIsVisible = 0;
			defaultConfigurationName = Release;
		};
/* End XCConfigurationList section */
	};
	rootObject = 3D51653C23730B4A000CE7CA /* Project object */;
}
